
Microsoft Visual Studio Solution File, Format Version 12.00
# Visual Studio 15
VisualStudioVersion = 15.0.26124.0
MinimumVisualStudioVersion = 15.0.26124.0
Project("{FAE04EC0-301F-11D3-BF4B-00C04F79EFBC}") = "GameTop", "GameTop\GameTop.csproj", "{C46B2902-F629-41C5-9E1A-1532A4C6CEF6}"
EndProject
Project("{FAE04EC0-301F-11D3-BF4B-00C04F79EFBC}") = "GameTop.Lib", "GameTop.Lib\GameTop.Lib.csproj", "{23E1AD85-A0E5-4A76-843A-3C8C7F99A9B9}"
EndProject
Project("{FAE04EC0-301F-11D3-BF4B-00C04F79EFBC}") = "GameTop.interface", "GameTop.Interface\GameTop.interface.csproj", "{B4A1EE20-C9AE-4881-9240-DCA27AE6BC96}"
EndProject
Global
	GlobalSection(SolutionConfigurationPlatforms) = preSolution
		Debug|Any CPU = Debug|Any CPU
		Debug|x64 = Debug|x64
		Debug|x86 = Debug|x86
		Release|Any CPU = Release|Any CPU
		Release|x64 = Release|x64
		Release|x86 = Release|x86
	EndGlobalSection
	GlobalSection(SolutionProperties) = preSolution
		HideSolutionNode = FALSE
	EndGlobalSection
	GlobalSection(ProjectConfigurationPlatforms) = postSolution
		{C46B2902-F629-41C5-9E1A-1532A4C6CEF6}.Debug|Any CPU.ActiveCfg = Debug|Any CPU
		{C46B2902-F629-41C5-9E1A-1532A4C6CEF6}.Debug|Any CPU.Build.0 = Debug|Any CPU
		{C46B2902-F629-41C5-9E1A-1532A4C6CEF6}.Debug|x64.ActiveCfg = Debug|Any CPU
		{C46B2902-F629-41C5-9E1A-1532A4C6CEF6}.Debug|x64.Build.0 = Debug|Any CPU
		{C46B2902-F629-41C5-9E1A-1532A4C6CEF6}.Debug|x86.ActiveCfg = Debug|Any CPU
		{C46B2902-F629-41C5-9E1A-1532A4C6CEF6}.Debug|x86.Build.0 = Debug|Any CPU
		{C46B2902-F629-41C5-9E1A-1532A4C6CEF6}.Release|Any CPU.ActiveCfg = Release|Any CPU
		{C46B2902-F629-41C5-9E1A-1532A4C6CEF6}.Release|Any CPU.Build.0 = Release|Any CPU
		{C46B2902-F629-41C5-9E1A-1532A4C6CEF6}.Release|x64.ActiveCfg = Release|Any CPU
		{C46B2902-F629-41C5-9E1A-1532A4C6CEF6}.Release|x64.Build.0 = Release|Any CPU
		{C46B2902-F629-41C5-9E1A-1532A4C6CEF6}.Release|x86.ActiveCfg = Release|Any CPU
		{C46B2902-F629-41C5-9E1A-1532A4C6CEF6}.Release|x86.Build.0 = Release|Any CPU
		{23E1AD85-A0E5-4A76-843A-3C8C7F99A9B9}.Debug|Any CPU.ActiveCfg = Debug|Any CPU
		{23E1AD85-A0E5-4A76-843A-3C8C7F99A9B9}.Debug|Any CPU.Build.0 = Debug|Any CPU
		{23E1AD85-A0E5-4A76-843A-3C8C7F99A9B9}.Debug|x64.ActiveCfg = Debug|Any CPU
		{23E1AD85-A0E5-4A76-843A-3C8C7F99A9B9}.Debug|x64.Build.0 = Debug|Any CPU
		{23E1AD85-A0E5-4A76-843A-3C8C7F99A9B9}.Debug|x86.ActiveCfg = Debug|Any CPU
		{23E1AD85-A0E5-4A76-843A-3C8C7F99A9B9}.Debug|x86.Build.0 = Debug|Any CPU
		{23E1AD85-A0E5-4A76-843A-3C8C7F99A9B9}.Release|Any CPU.ActiveCfg = Release|Any CPU
		{23E1AD85-A0E5-4A76-843A-3C8C7F99A9B9}.Release|Any CPU.Build.0 = Release|Any CPU
		{23E1AD85-A0E5-4A76-843A-3C8C7F99A9B9}.Release|x64.ActiveCfg = Release|Any CPU
		{23E1AD85-A0E5-4A76-843A-3C8C7F99A9B9}.Release|x64.Build.0 = Release|Any CPU
		{23E1AD85-A0E5-4A76-843A-3C8C7F99A9B9}.Release|x86.ActiveCfg = Release|Any CPU
		{23E1AD85-A0E5-4A76-843A-3C8C7F99A9B9}.Release|x86.Build.0 = Release|Any CPU
		{B4A1EE20-C9AE-4881-9240-DCA27AE6BC96}.Debug|Any CPU.ActiveCfg = Debug|Any CPU
		{B4A1EE20-C9AE-4881-9240-DCA27AE6BC96}.Debug|Any CPU.Build.0 = Debug|Any CPU
		{B4A1EE20-C9AE-4881-9240-DCA27AE6BC96}.Debug|x64.ActiveCfg = Debug|Any CPU
		{B4A1EE20-C9AE-4881-9240-DCA27AE6BC96}.Debug|x64.Build.0 = Debug|Any CPU
		{B4A1EE20-C9AE-4881-9240-DCA27AE6BC96}.Debug|x86.ActiveCfg = Debug|Any CPU
		{B4A1EE20-C9AE-4881-9240-DCA27AE6BC96}.Debug|x86.Build.0 = Debug|Any CPU
		{B4A1EE20-C9AE-4881-9240-DCA27AE6BC96}.Release|Any CPU.ActiveCfg = Release|Any CPU
		{B4A1EE20-C9AE-4881-9240-DCA27AE6BC96}.Release|Any CPU.Build.0 = Release|Any CPU
		{B4A1EE20-C9AE-4881-9240-DCA27AE6BC96}.Release|x64.ActiveCfg = Release|Any CPU
		{B4A1EE20-C9AE-4881-9240-DCA27AE6BC96}.Release|x64.Build.0 = Release|Any CPU
		{B4A1EE20-C9AE-4881-9240-DCA27AE6BC96}.Release|x86.ActiveCfg = Release|Any CPU
		{B4A1EE20-C9AE-4881-9240-DCA27AE6BC96}.Release|x86.Build.0 = Release|Any CPU
	EndGlobalSection
EndGlobal
